// !$*UTF8*$!
{
	archiveVersion = 1;
	classes = {
	};
	objectVersion = 46;
	objects = {

/* Begin PBXBuildFile section */
		ACEDD8871E06581400318AA0 /* AppDelegate.swift in Sources */ = {isa = PBXBuildFile; fileRef = ACEDD8861E06581400318AA0 /* AppDelegate.swift */; };
		ACEDD8891E06581400318AA0 /* ViewController.swift in Sources */ = {isa = PBXBuildFile; fileRef = ACEDD8881E06581400318AA0 /* ViewController.swift */; };
		ACEDD88C1E06581400318AA0 /* Main.storyboard in Resources */ = {isa = PBXBuildFile; fileRef = ACEDD88A1E06581400318AA0 /* Main.storyboard */; };
		ACEDD88E1E06581400318AA0 /* Assets.xcassets in Resources */ = {isa = PBXBuildFile; fileRef = ACEDD88D1E06581400318AA0 /* Assets.xcassets */; };
		ACEDD8911E06581400318AA0 /* LaunchScreen.storyboard in Resources */ = {isa = PBXBuildFile; fileRef = ACEDD88F1E06581400318AA0 /* LaunchScreen.storyboard */; };
		ACEDD89A1E0665FA00318AA0 /* 01 Initial Screen Cap.png in Resources */ = {isa = PBXBuildFile; fileRef = ACEDD8991E0665FA00318AA0 /* 01 Initial Screen Cap.png */; };
		ACEDD89C1E0665FF00318AA0 /* 02 Button Clicked.png in Resources */ = {isa = PBXBuildFile; fileRef = ACEDD89B1E0665FF00318AA0 /* 02 Button Clicked.png */; };
		ACEDD89E1E06660400318AA0 /* 03 Photo Library button clicked.png in Resources */ = {isa = PBXBuildFile; fileRef = ACEDD89D1E06660400318AA0 /* 03 Photo Library button clicked.png */; };
/* End PBXBuildFile section */

/* Begin PBXFileReference section */
		ACEDD8831E06581400318AA0 /* ImagePicker.app */ = {isa = PBXFileReference; explicitFileType = wrapper.application; includeInIndex = 0; path = ImagePicker.app; sourceTree = BUILT_PRODUCTS_DIR; };
		ACEDD8861E06581400318AA0 /* AppDelegate.swift */ = {isa = PBXFileReference; lastKnownFileType = sourcecode.swift; path = AppDelegate.swift; sourceTree = "<group>"; };
		ACEDD8881E06581400318AA0 /* ViewController.swift */ = {isa = PBXFileReference; lastKnownFileType = sourcecode.swift; path = ViewController.swift; sourceTree = "<group>"; };
		ACEDD88B1E06581400318AA0 /* Base */ = {isa = PBXFileReference; lastKnownFileType = file.storyboard; name = Base; path = Base.lproj/Main.storyboard; sourceTree = "<group>"; };
		ACEDD88D1E06581400318AA0 /* Assets.xcassets */ = {isa = PBXFileReference; lastKnownFileType = folder.assetcatalog; path = Assets.xcassets; sourceTree = "<group>"; };
		ACEDD8901E06581400318AA0 /* Base */ = {isa = PBXFileReference; lastKnownFileType = file.storyboard; name = Base; path = Base.lproj/LaunchScreen.storyboard; sourceTree = "<group>"; };
		ACEDD8921E06581400318AA0 /* Info.plist */ = {isa = PBXFileReference; lastKnownFileType = text.plist.xml; path = Info.plist; sourceTree = "<group>"; };
		ACEDD8991E0665FA00318AA0 /* 01 Initial Screen Cap.png */ = {isa = PBXFileReference; lastKnownFileType = image.png; path = "01 Initial Screen Cap.png"; sourceTree = "<group>"; };
		ACEDD89B1E0665FF00318AA0 /* 02 Button Clicked.png */ = {isa = PBXFileReference; lastKnownFileType = image.png; path = "02 Button Clicked.png"; sourceTree = "<group>"; };
		ACEDD89D1E06660400318AA0 /* 03 Photo Library button clicked.png */ = {isa = PBXFileReference; lastKnownFileType = image.png; path = "03 Photo Library button clicked.png"; sourceTree = "<group>"; };
/* End PBXFileReference section */

/* Begin PBXFrameworksBuildPhase section */
		ACEDD8801E06581400318AA0 /* Frameworks */ = {
			isa = PBXFrameworksBuildPhase;
			buildActionMask = 2147483647;
			files = (
			);
			runOnlyForDeploymentPostprocessing = 0;
		};
/* End PBXFrameworksBuildPhase section */

/* Begin PBXGroup section */
		ACEDD87A1E06581400318AA0 = {
			isa = PBXGroup;
			children = (
				ACEDD8851E06581400318AA0 /* ImagePicker */,
				ACEDD8841E06581400318AA0 /* Products */,
			);
			sourceTree = "<group>";
		};
		ACEDD8841E06581400318AA0 /* Products */ = {
			isa = PBXGroup;
			children = (
				ACEDD8831E06581400318AA0 /* ImagePicker.app */,
			);
			name = Products;
			sourceTree = "<group>";
		};
		ACEDD8851E06581400318AA0 /* ImagePicker */ = {
			isa = PBXGroup;
			children = (
				ACEDD8861E06581400318AA0 /* AppDelegate.swift */,
				ACEDD8881E06581400318AA0 /* ViewController.swift */,
				ACEDD8981E06658A00318AA0 /* Screen Caps */,
				ACEDD88A1E06581400318AA0 /* Main.storyboard */,
				ACEDD88D1E06581400318AA0 /* Assets.xcassets */,
				ACEDD88F1E06581400318AA0 /* LaunchScreen.storyboard */,
				ACEDD8921E06581400318AA0 /* Info.plist */,
			);
			path = ImagePicker;
			sourceTree = "<group>";
		};
		ACEDD8981E06658A00318AA0 /* Screen Caps */ = {
			isa = PBXGroup;
			children = (
				ACEDD8991E0665FA00318AA0 /* 01 Initial Screen Cap.png */,
				ACEDD89B1E0665FF00318AA0 /* 02 Button Clicked.png */,
				ACEDD89D1E06660400318AA0 /* 03 Photo Library button clicked.png */,
			);
			name = "Screen Caps";
			sourceTree = "<group>";
		};
/* End PBXGroup section */

/* Begin PBXNativeTarget section */
		ACEDD8821E06581400318AA0 /* ImagePicker */ = {
			isa = PBXNativeTarget;
			buildConfigurationList = ACEDD8951E06581400318AA0 /* Build configuration list for PBXNativeTarget "ImagePicker" */;
			buildPhases = (
				ACEDD87F1E06581400318AA0 /* Sources */,
				ACEDD8801E06581400318AA0 /* Frameworks */,
				ACEDD8811E06581400318AA0 /* Resources */,
			);
			buildRules = (
			);
			dependencies = (
			);
			name = ImagePicker;
			productName = ImagePicker;
			productReference = ACEDD8831E06581400318AA0 /* ImagePicker.app */;
			productType = "com.apple.product-type.application";
		};
/* End PBXNativeTarget section */

/* Begin PBXProject section */
		ACEDD87B1E06581400318AA0 /* Project object */ = {
			isa = PBXProject;
			attributes = {
				LastSwiftUpdateCheck = 0820;
				LastUpgradeCheck = 0820;
				ORGANIZATIONNAME = "Digital Mirko";
				TargetAttributes = {
					ACEDD8821E06581400318AA0 = {
						CreatedOnToolsVersion = 8.2;
						DevelopmentTeam = EQNJ9FG9YA;
						ProvisioningStyle = Automatic;
					};
				};
			};
			buildConfigurationList = ACEDD87E1E06581400318AA0 /* Build configuration list for PBXProject "ImagePicker" */;
			compatibilityVersion = "Xcode 3.2";
			developmentRegion = English;
			hasScannedForEncodings = 0;
			knownRegions = (
				en,
				Base,
			);
			mainGroup = ACEDD87A1E06581400318AA0;
			productRefGroup = ACEDD8841E06581400318AA0 /* Products */;
			projectDirPath = "";
			projectRoot = "";
			targets = (
				ACEDD8821E06581400318AA0 /* ImagePicker */,
			);
		};
/* End PBXProject section */

/* Begin PBXResourcesBuildPhase section */
		ACEDD8811E06581400318AA0 /* Resources */ = {
			isa = PBXResourcesBuildPhase;
			buildActionMask = 2147483647;
			files = (
				ACEDD89C1E0665FF00318AA0 /* 02 Button Clicked.png in Resources */,
				ACEDD8911E06581400318AA0 /* LaunchScreen.storyboard in Resources */,
				ACEDD88E1E06581400318AA0 /* Assets.xcassets in Resources */,
				ACEDD89E1E06660400318AA0 /* 03 Photo Library button clicked.png in Resources */,
				ACEDD88C1E06581400318AA0 /* Main.storyboard in Resources */,
				ACEDD89A1E0665FA00318AA0 /* 01 Initial Screen Cap.png in Resources */,
			);
			runOnlyForDeploymentPostprocessing = 0;
		};
/* End PBXResourcesBuildPhase section */

/* Begin PBXSourcesBuildPhase section */
		ACEDD87F1E06581400318AA0 /* Sources */ = {
			isa = PBXSourcesBuildPhase;
			buildActionMask = 2147483647;
			files = (
				ACEDD8891E06581400318AA0 /* ViewController.swift in Sources */,
				ACEDD8871E06581400318AA0 /* AppDelegate.swift in Sources */,
			);
			runOnlyForDeploymentPostprocessing = 0;
		};
/* End PBXSourcesBuildPhase section */

/* Begin PBXVariantGroup section */
		ACEDD88A1E06581400318AA0 /* Main.storyboard */ = {
			isa = PBXVariantGroup;
			children = (
				ACEDD88B1E06581400318AA0 /* Base */,
			);
			name = Main.storyboard;
			sourceTree = "<group>";
		};
		ACEDD88F1E06581400318AA0 /* LaunchScreen.storyboard */ = {
			isa = PBXVariantGroup;
			children = (
				ACEDD8901E06581400318AA0 /* Base */,
			);
			name = LaunchScreen.storyboard;
			sourceTree = "<group>";
		};
/* End PBXVariantGroup section */

/* Begin XCBuildConfiguration section */
		ACEDD8931E06581400318AA0 /* Debug */ = {
			isa = XCBuildConfiguration;
			buildSettings = {
				ALWAYS_SEARCH_USER_PATHS = NO;
				CLANG_ANALYZER_NONNULL = YES;
				CLANG_CXX_LANGUAGE_STANDARD = "gnu++0x";
				CLANG_CXX_LIBRARY = "libc++";
				CLANG_ENABLE_MODULES = YES;
				CLANG_ENABLE_OBJC_ARC = YES;
				CLANG_WARN_BOOL_CONVERSION = YES;
				CLANG_WARN_CONSTANT_CONVERSION = YES;
				CLANG_WARN_DIRECT_OBJC_ISA_USAGE = YES_ERROR;
				CLANG_WARN_DOCUMENTATION_COMMENTS = YES;
				CLANG_WARN_EMPTY_BODY = YES;
				CLANG_WARN_ENUM_CONVERSION = YES;
				CLANG_WARN_INFINITE_RECURSION = YES;
				CLANG_WARN_INT_CONVERSION = YES;
				CLANG_WARN_OBJC_ROOT_CLASS = YES_ERROR;
				CLANG_WARN_SUSPICIOUS_MOVE = YES;
				CLANG_WARN_UNREACHABLE_CODE = YES;
				CLANG_WARN__DUPLICATE_METHOD_MATCH = YES;
				"CODE_SIGN_IDENTITY[sdk=iphoneos*]" = "iPhone Developer";
				COPY_PHASE_STRIP = NO;
				DEBUG_INFORMATION_FORMAT = dwarf;
				ENABLE_STRICT_OBJC_MSGSEND = YES;
				ENABLE_TESTABILITY = YES;
				GCC_C_LANGUAGE_STANDARD = gnu99;
				GCC_DYNAMIC_NO_PIC = NO;
				GCC_NO_COMMON_BLOCKS = YES;
				GCC_OPTIMIZATION_LEVEL = 0;
				GCC_PREPROCESSOR_DEFINITIONS = (
					"DEBUG=1",
					"$(inherited)",
				);
				GCC_WARN_64_TO_32_BIT_CONVERSION = YES;
				GCC_WARN_ABOUT_RETURN_TYPE = YES_ERROR;
				GCC_WARN_UNDECLARED_SELECTOR = YES;
				GCC_WARN_UNINITIALIZED_AUTOS = YES_AGGRESSIVE;
				GCC_WARN_UNUSED_FUNCTION = YES;
				GCC_WARN_UNUSED_VARIABLE = YES;
				IPHONEOS_DEPLOYMENT_TARGET = 10.2;
				MTL_ENABLE_DEBUG_INFO = YES;
				ONLY_ACTIVE_ARCH = YES;
				SDKROOT = iphoneos;
				SWIFT_ACTIVE_COMPILATION_CONDITIONS = DEBUG;
				SWIFT_OPTIMIZATION_LEVEL = "-Onone";
			};
			name = Debug;
		};
		ACEDD8941E06581400318AA0 /* Release */ = {
			isa = XCBuildConfiguration;
			buildSettings = {
				ALWAYS_SEARCH_USER_PATHS = NO;
				CLANG_ANALYZER_NONNULL = YES;
				CLANG_CXX_LANGUAGE_STANDARD = "gnu++0x";
				CLANG_CXX_LIBRARY = "libc++";
				CLANG_ENABLE_MODULES = YES;
				CLANG_ENABLE_OBJC_ARC = YES;
				CLANG_WARN_BOOL_CONVERSION = YES;
				CLANG_WARN_CONSTANT_CONVERSION = YES;
				CLANG_WARN_DIRECT_OBJC_ISA_USAGE = YES_ERROR;
				CLANG_WARN_DOCUMENTATION_COMMENTS = YES;
				CLANG_WARN_EMPTY_BODY = YES;
				CLANG_WARN_ENUM_CONVERSION = YES;
				CLANG_WARN_INFINITE_RECURSION = YES;
				CLANG_WARN_INT_CONVERSION = YES;
				CLANG_WARN_OBJC_ROOT_CLASS = YES_ERROR;
				CLANG_WARN_SUSPICIOUS_MOVE = YES;
				CLANG_WARN_UNREACHABLE_CODE = YES;
				CLANG_WARN__DUPLICATE_METHOD_MATCH = YES;
				"CODE_SIGN_IDENTITY[sdk=iphoneos*]" = "iPhone Developer";
				COPY_PHASE_STRIP = NO;
				DEBUG_INFORMATION_FORMAT = "dwarf-with-dsym";
				ENABLE_NS_ASSERTIONS = NO;
				ENABLE_STRICT_OBJC_MSGSEND = YES;
				GCC_C_LANGUAGE_STANDARD = gnu99;
				GCC_NO_COMMON_BLOCKS = YES;
				GCC_WARN_64_TO_32_BIT_CONVERSION = YES;
				GCC_WARN_ABOUT_RETURN_TYPE = YES_ERROR;
				GCC_WARN_UNDECLARED_SELECTOR = YES;
				GCC_WARN_UNINITIALIZED_AUTOS = YES_AGGRESSIVE;
				GCC_WARN_UNUSED_FUNCTION = YES;
				GCC_WARN_UNUSED_VARIABLE = YES;
				IPHONEOS_DEPLOYMENT_TARGET = 10.2;
				MTL_ENABLE_DEBUG_INFO = NO;
				SDKROOT = iphoneos;
				SWIFT_OPTIMIZATION_LEVEL = "-Owholemodule";
				VALIDATE_PRODUCT = YES;
			};
			name = Release;
		};
		ACEDD8961E06581400318AA0 /* Debug */ = {
			isa = XCBuildConfiguration;
			buildSettings = {
				ASSETCATALOG_COMPILER_APPICON_NAME = AppIcon;
				DEVELOPMENT_TEAM = EQNJ9FG9YA;
				INFOPLIST_FILE = ImagePicker/Info.plist;
				LD_RUNPATH_SEARCH_PATHS = "$(inherited) @executable_path/Frameworks";
				PRODUCT_BUNDLE_IDENTIFIER = com.digitalmirko.ImagePicker;
				PRODUCT_NAME = "$(TARGET_NAME)";
				SWIFT_VERSION = 3.0;
			};
			name = Debug;
		};
		ACEDD8971E06581400318AA0 /* Release */ = {
			isa = XCBuildConfiguration;
			buildSettings = {
				ASSETCATALOG_COMPILER_APPICON_NAME = AppIcon;
				DEVELOPMENT_TEAM = EQNJ9FG9YA;
				INFOPLIST_FILE = ImagePicker/Info.plist;
				LD_RUNPATH_SEARCH_PATHS = "$(inherited) @executable_path/Frameworks";
				PRODUCT_BUNDLE_IDENTIFIER = com.digitalmirko.ImagePicker;
				PRODUCT_NAME = "$(TARGET_NAME)";
				SWIFT_VERSION = 3.0;
			};
			name = Release;
		};
/* End XCBuildConfiguration section */

/* Begin XCConfigurationList section */
		ACEDD87E1E06581400318AA0 /* Build configuration list for PBXProject "ImagePicker" */ = {
			isa = XCConfigurationList;
			buildConfigurations = (
				ACEDD8931E06581400318AA0 /* Debug */,
				ACEDD8941E06581400318AA0 /* Release */,
			);
			defaultConfigurationIsVisible = 0;
			defaultConfigurationName = Release;
		};
		ACEDD8951E06581400318AA0 /* Build configuration list for PBXNativeTarget "ImagePicker" */ = {
			isa = XCConfigurationList;
			buildConfigurations = (
				ACEDD8961E06581400318AA0 /* Debug */,
				ACEDD8971E06581400318AA0 /* Release */,
			);
			defaultConfigurationIsVisible = 0;
			defaultConfigurationName = Release;
		};
/* End XCConfigurationList section */
	};
	rootObject = ACEDD87B1E06581400318AA0 /* Project object */;
}
